// !$*UTF8*$!
{
	archiveVersion = 1;
	classes = {
	};
	objectVersion = 46;
	objects = {

/* Begin PBXBuildFile section */
		B5029CF71EB4291E0093D50E /* AppDelegate.swift in Sources */ = {isa = PBXBuildFile; fileRef = B5029CF61EB4291E0093D50E /* AppDelegate.swift */; };
		B5029CF91EB4291E0093D50E /* ViewController.swift in Sources */ = {isa = PBXBuildFile; fileRef = B5029CF81EB4291E0093D50E /* ViewController.swift */; };
		B5029CFC1EB4291E0093D50E /* Main.storyboard in Resources */ = {isa = PBXBuildFile; fileRef = B5029CFA1EB4291E0093D50E /* Main.storyboard */; };
		B5029CFE1EB4291E0093D50E /* Assets.xcassets in Resources */ = {isa = PBXBuildFile; fileRef = B5029CFD1EB4291E0093D50E /* Assets.xcassets */; };
		B5029D011EB4291E0093D50E /* LaunchScreen.storyboard in Resources */ = {isa = PBXBuildFile; fileRef = B5029CFF1EB4291E0093D50E /* LaunchScreen.storyboard */; };
/* End PBXBuildFile section */

/* Begin PBXFileReference section */
		B5029CF31EB4291E0093D50E /* QuickOrder.app */ = {isa = PBXFileReference; explicitFileType = wrapper.application; includeInIndex = 0; path = QuickOrder.app; sourceTree = BUILT_PRODUCTS_DIR; };
		B5029CF61EB4291E0093D50E /* AppDelegate.swift */ = {isa = PBXFileReference; lastKnownFileType = sourcecode.swift; path = AppDelegate.swift; sourceTree = "<group>"; };
		B5029CF81EB4291E0093D50E /* ViewController.swift */ = {isa = PBXFileReference; lastKnownFileType = sourcecode.swift; path = ViewController.swift; sourceTree = "<group>"; };
		B5029CFB1EB4291E0093D50E /* Base */ = {isa = PBXFileReference; lastKnownFileType = file.storyboard; name = Base; path = Base.lproj/Main.storyboard; sourceTree = "<group>"; };
		B5029CFD1EB4291E0093D50E /* Assets.xcassets */ = {isa = PBXFileReference; lastKnownFileType = folder.assetcatalog; path = Assets.xcassets; sourceTree = "<group>"; };
		B5029D001EB4291E0093D50E /* Base */ = {isa = PBXFileReference; lastKnownFileType = file.storyboard; name = Base; path = Base.lproj/LaunchScreen.storyboard; sourceTree = "<group>"; };
		B5029D021EB4291E0093D50E /* Info.plist */ = {isa = PBXFileReference; lastKnownFileType = text.plist.xml; path = Info.plist; sourceTree = "<group>"; };
/* End PBXFileReference section */

/* Begin PBXFrameworksBuildPhase section */
		B5029CF01EB4291E0093D50E /* Frameworks */ = {
			isa = PBXFrameworksBuildPhase;
			buildActionMask = 2147483647;
			files = (
			);
			runOnlyForDeploymentPostprocessing = 0;
		};
/* End PBXFrameworksBuildPhase section */

/* Begin PBXGroup section */
		B5029CEA1EB4291E0093D50E = {
			isa = PBXGroup;
			children = (
				B5029CF51EB4291E0093D50E /* QuickOrder */,
				B5029CF41EB4291E0093D50E /* Products */,
			);
			sourceTree = "<group>";
		};
		B5029CF41EB4291E0093D50E /* Products */ = {
			isa = PBXGroup;
			children = (
				B5029CF31EB4291E0093D50E /* QuickOrder.app */,
			);
			name = Products;
			sourceTree = "<group>";
		};
		B5029CF51EB4291E0093D50E /* QuickOrder */ = {
			isa = PBXGroup;
			children = (
				B5029CF61EB4291E0093D50E /* AppDelegate.swift */,
				B5029CF81EB4291E0093D50E /* ViewController.swift */,
				B5029CFA1EB4291E0093D50E /* Main.storyboard */,
				B5029CFD1EB4291E0093D50E /* Assets.xcassets */,
				B5029CFF1EB4291E0093D50E /* LaunchScreen.storyboard */,
				B5029D021EB4291E0093D50E /* Info.plist */,
			);
			path = QuickOrder;
			sourceTree = "<group>";
		};
/* End PBXGroup section */

/* Begin PBXNativeTarget section */
		B5029CF21EB4291E0093D50E /* QuickOrder */ = {
			isa = PBXNativeTarget;
			buildConfigurationList = B5029D051EB4291E0093D50E /* Build configuration list for PBXNativeTarget "QuickOrder" */;
			buildPhases = (
				B5029CEF1EB4291E0093D50E /* Sources */,
				B5029CF01EB4291E0093D50E /* Frameworks */,
				B5029CF11EB4291E0093D50E /* Resources */,
			);
			buildRules = (
			);
			dependencies = (
			);
			name = QuickOrder;
			productName = QuickOrder;
			productReference = B5029CF31EB4291E0093D50E /* QuickOrder.app */;
			productType = "com.apple.product-type.application";
		};
/* End PBXNativeTarget section */

/* Begin PBXProject section */
		B5029CEB1EB4291E0093D50E /* Project object */ = {
			isa = PBXProject;
			attributes = {
				LastSwiftUpdateCheck = 0830;
				LastUpgradeCheck = 0830;
				ORGANIZATIONNAME = "Mirai Apps";
				TargetAttributes = {
					B5029CF21EB4291E0093D50E = {
						CreatedOnToolsVersion = 8.3.2;
						DevelopmentTeam = 3MJ6V4RST6;
						ProvisioningStyle = Automatic;
					};
				};
			};
			buildConfigurationList = B5029CEE1EB4291E0093D50E /* Build configuration list for PBXProject "QuickOrder" */;
			compatibilityVersion = "Xcode 3.2";
			developmentRegion = English;
			hasScannedForEncodings = 0;
			knownRegions = (
				en,
				Base,
			);
			mainGroup = B5029CEA1EB4291E0093D50E;
			productRefGroup = B5029CF41EB4291E0093D50E /* Products */;
			projectDirPath = "";
			projectRoot = "";
			targets = (
				B5029CF21EB4291E0093D50E /* QuickOrder */,
			);
		};
/* End PBXProject section */

/* Begin PBXResourcesBuildPhase section */
		B5029CF11EB4291E0093D50E /* Resources */ = {
			isa = PBXResourcesBuildPhase;
			buildActionMask = 2147483647;
			files = (
				B5029D011EB4291E0093D50E /* LaunchScreen.storyboard in Resources */,
				B5029CFE1EB4291E0093D50E /* Assets.xcassets in Resources */,
				B5029CFC1EB4291E0093D50E /* Main.storyboard in Resources */,
			);
			runOnlyForDeploymentPostprocessing = 0;
		};
/* End PBXResourcesBuildPhase section */

/* Begin PBXSourcesBuildPhase section */
		B5029CEF1EB4291E0093D50E /* Sources */ = {
			isa = PBXSourcesBuildPhase;
			buildActionMask = 2147483647;
			files = (
				B5029CF91EB4291E0093D50E /* ViewController.swift in Sources */,
				B5029CF71EB4291E0093D50E /* AppDelegate.swift in Sources */,
			);
			runOnlyForDeploymentPostprocessing = 0;
		};
/* End PBXSourcesBuildPhase section */

/* Begin PBXVariantGroup section */
		B5029CFA1EB4291E0093D50E /* Main.storyboard */ = {
			isa = PBXVariantGroup;
			children = (
				B5029CFB1EB4291E0093D50E /* Base */,
			);
			name = Main.storyboard;
			sourceTree = "<group>";
		};
		B5029CFF1EB4291E0093D50E /* LaunchScreen.storyboard */ = {
			isa = PBXVariantGroup;
			children = (
				B5029D001EB4291E0093D50E /* Base */,
			);
			name = LaunchScreen.storyboard;
			sourceTree = "<group>";
		};
/* End PBXVariantGroup section */

/* Begin XCBuildConfiguration section */
		B5029D031EB4291E0093D50E /* Debug */ = {
			isa = XCBuildConfiguration;
			buildSettings = {
				ALWAYS_SEARCH_USER_PATHS = NO;
				CLANG_ANALYZER_NONNULL = YES;
				CLANG_ANALYZER_NUMBER_OBJECT_CONVERSION = YES_AGGRESSIVE;
				CLANG_CXX_LANGUAGE_STANDARD = "gnu++0x";
				CLANG_CXX_LIBRARY = "libc++";
				CLANG_ENABLE_MODULES = YES;
				CLANG_ENABLE_OBJC_ARC = YES;
				CLANG_WARN_BOOL_CONVERSION = YES;
				CLANG_WARN_CONSTANT_CONVERSION = YES;
				CLANG_WARN_DIRECT_OBJC_ISA_USAGE = YES_ERROR;
				CLANG_WARN_DOCUMENTATION_COMMENTS = YES;
				CLANG_WARN_EMPTY_BODY = YES;
				CLANG_WARN_ENUM_CONVERSION = YES;
				CLANG_WARN_INFINITE_RECURSION = YES;
				CLANG_WARN_INT_CONVERSION = YES;
				CLANG_WARN_OBJC_ROOT_CLASS = YES_ERROR;
				CLANG_WARN_SUSPICIOUS_MOVE = YES;
				CLANG_WARN_UNREACHABLE_CODE = YES;
				CLANG_WARN__DUPLICATE_METHOD_MATCH = YES;
				"CODE_SIGN_IDENTITY[sdk=iphoneos*]" = "iPhone Developer";
				COPY_PHASE_STRIP = NO;
				DEBUG_INFORMATION_FORMAT = dwarf;
				ENABLE_STRICT_OBJC_MSGSEND = YES;
				ENABLE_TESTABILITY = YES;
				GCC_C_LANGUAGE_STANDARD = gnu99;
				GCC_DYNAMIC_NO_PIC = NO;
				GCC_NO_COMMON_BLOCKS = YES;
				GCC_OPTIMIZATION_LEVEL = 0;
				GCC_PREPROCESSOR_DEFINITIONS = (
					"DEBUG=1",
					"$(inherited)",
				);
				GCC_WARN_64_TO_32_BIT_CONVERSION = YES;
				GCC_WARN_ABOUT_RETURN_TYPE = YES_ERROR;
				GCC_WARN_UNDECLARED_SELECTOR = YES;
				GCC_WARN_UNINITIALIZED_AUTOS = YES_AGGRESSIVE;
				GCC_WARN_UNUSED_FUNCTION = YES;
				GCC_WARN_UNUSED_VARIABLE = YES;
				IPHONEOS_DEPLOYMENT_TARGET = 10.3;
				MTL_ENABLE_DEBUG_INFO = YES;
				ONLY_ACTIVE_ARCH = YES;
				SDKROOT = iphoneos;
				SWIFT_ACTIVE_COMPILATION_CONDITIONS = DEBUG;
				SWIFT_OPTIMIZATION_LEVEL = "-Onone";
			};
			name = Debug;
		};
		B5029D041EB4291E0093D50E /* Release */ = {
			isa = XCBuildConfiguration;
			buildSettings = {
				ALWAYS_SEARCH_USER_PATHS = NO;
				CLANG_ANALYZER_NONNULL = YES;
				CLANG_ANALYZER_NUMBER_OBJECT_CONVERSION = YES_AGGRESSIVE;
				CLANG_CXX_LANGUAGE_STANDARD = "gnu++0x";
				CLANG_CXX_LIBRARY = "libc++";
				CLANG_ENABLE_MODULES = YES;
				CLANG_ENABLE_OBJC_ARC = YES;
				CLANG_WARN_BOOL_CONVERSION = YES;
				CLANG_WARN_CONSTANT_CONVERSION = YES;
				CLANG_WARN_DIRECT_OBJC_ISA_USAGE = YES_ERROR;
				CLANG_WARN_DOCUMENTATION_COMMENTS = YES;
				CLANG_WARN_EMPTY_BODY = YES;
				CLANG_WARN_ENUM_CONVERSION = YES;
				CLANG_WARN_INFINITE_RECURSION = YES;
				CLANG_WARN_INT_CONVERSION = YES;
				CLANG_WARN_OBJC_ROOT_CLASS = YES_ERROR;
				CLANG_WARN_SUSPICIOUS_MOVE = YES;
				CLANG_WARN_UNREACHABLE_CODE = YES;
				CLANG_WARN__DUPLICATE_METHOD_MATCH = YES;
				"CODE_SIGN_IDENTITY[sdk=iphoneos*]" = "iPhone Developer";
				COPY_PHASE_STRIP = NO;
				DEBUG_INFORMATION_FORMAT = "dwarf-with-dsym";
				ENABLE_NS_ASSERTIONS = NO;
				ENABLE_STRICT_OBJC_MSGSEND = YES;
				GCC_C_LANGUAGE_STANDARD = gnu99;
				GCC_NO_COMMON_BLOCKS = YES;
				GCC_WARN_64_TO_32_BIT_CONVERSION = YES;
				GCC_WARN_ABOUT_RETURN_TYPE = YES_ERROR;
				GCC_WARN_UNDECLARED_SELECTOR = YES;
				GCC_WARN_UNINITIALIZED_AUTOS = YES_AGGRESSIVE;
				GCC_WARN_UNUSED_FUNCTION = YES;
				GCC_WARN_UNUSED_VARIABLE = YES;
				IPHONEOS_DEPLOYMENT_TARGET = 10.3;
				MTL_ENABLE_DEBUG_INFO = NO;
				SDKROOT = iphoneos;
				SWIFT_OPTIMIZATION_LEVEL = "-Owholemodule";
				VALIDATE_PRODUCT = YES;
			};
			name = Release;
		};
		B5029D061EB4291E0093D50E /* Debug */ = {
			isa = XCBuildConfiguration;
			buildSettings = {
				ASSETCATALOG_COMPILER_APPICON_NAME = AppIcon;
				DEVELOPMENT_TEAM = 3MJ6V4RST6;
				INFOPLIST_FILE = QuickOrder/Info.plist;
				LD_RUNPATH_SEARCH_PATHS = "$(inherited) @executable_path/Frameworks";
				PRODUCT_BUNDLE_IDENTIFIER = "com.mirai-apps.QuickOrder";
				PRODUCT_NAME = "$(TARGET_NAME)";
				SWIFT_VERSION = 3.0;
			};
			name = Debug;
		};
		B5029D071EB4291E0093D50E /* Release */ = {
			isa = XCBuildConfiguration;
			buildSettings = {
				ASSETCATALOG_COMPILER_APPICON_NAME = AppIcon;
				DEVELOPMENT_TEAM = 3MJ6V4RST6;
				INFOPLIST_FILE = QuickOrder/Info.plist;
				LD_RUNPATH_SEARCH_PATHS = "$(inherited) @executable_path/Frameworks";
				PRODUCT_BUNDLE_IDENTIFIER = "com.mirai-apps.QuickOrder";
				PRODUCT_NAME = "$(TARGET_NAME)";
				SWIFT_VERSION = 3.0;
			};
			name = Release;
		};
/* End XCBuildConfiguration section */

/* Begin XCConfigurationList section */
		B5029CEE1EB4291E0093D50E /* Build configuration list for PBXProject "QuickOrder" */ = {
			isa = XCConfigurationList;
			buildConfigurations = (
				B5029D031EB4291E0093D50E /* Debug */,
				B5029D041EB4291E0093D50E /* Release */,
			);
			defaultConfigurationIsVisible = 0;
			defaultConfigurationName = Release;
		};
		B5029D051EB4291E0093D50E /* Build configuration list for PBXNativeTarget "QuickOrder" */ = {
			isa = XCConfigurationList;
			buildConfigurations = (
				B5029D061EB4291E0093D50E /* Debug */,
				B5029D071EB4291E0093D50E /* Release */,
			);
			defaultConfigurationIsVisible = 0;
		};
/* End XCConfigurationList section */
	};
	rootObject = B5029CEB1EB4291E0093D50E /* Project object */;
}
